<?xml version="1.0" encoding="utf-8"?>
<Project ToolsVersion="4.0" xmlns="http://schemas.microsoft.com/developer/msbuild/2003">
  <ItemGroup>
    <Filter Include="Source Files">
      <UniqueIdentifier>{93d06d85-e7df-4556-a9dd-b17cbbc8095a}</UniqueIdentifier>
      <Extensions>cpp;c;cxx;rc;def;r;odl;hpj;bat;for;f90</Extensions>
    </Filter>
    <Filter Include="Header Files">
      <UniqueIdentifier>{09081403-2e03-4507-ab5d-de1ba6735437}</UniqueIdentifier>
      <Extensions>h;hpp;hxx;hm;inl;fi;fd</Extensions>
    </Filter>
    <Filter Include="Resource Files">
      <UniqueIdentifier>{76d94791-bf94-480a-ab38-0068f18524ba}</UniqueIdentifier>
      <Extensions>ico;cur;bmp;dlg;rc2;rct;bin;cnt;rtf;gif;jpg;jpeg;jpe</Extensions>
    </Filter>
    <Filter Include="Lua 5.1.4">
      <UniqueIdentifier>{c91e5e0c-f089-4fac-990f-e4350611399d}</UniqueIdentifier>
    </Filter>
    <Filter Include="Lua 5.1.4\Header Files">
      <UniqueIdentifier>{8b1b3e5a-df61-4a7f-a05a-45bf98dce090}</UniqueIdentifier>
    </Filter>
    <Filter Include="SHA-1">
      <UniqueIdentifier>{ba9e24a8-801c-4a4b-90bd-14e806c7512c}</UniqueIdentifier>
    </Filter>
    <Filter Include="SHA-1\Header Files">
      <UniqueIdentifier>{1fb60046-5312-414f-b713-dc0f3b27a4b9}</UniqueIdentifier>
    </Filter>
    <Filter Include="SHA-1\Source Files">
      <UniqueIdentifier>{cd5b820d-cdde-4263-9359-76bae68875e6}</UniqueIdentifier>
    </Filter>
  </ItemGroup>
  <ItemGroup>
    <ClCompile Include="bg_animation.c">
      <Filter>Source Files</Filter>
    </ClCompile>
    <ClCompile Include="bg_animgroup.c">
      <Filter>Source Files</Filter>
    </ClCompile>
    <ClCompile Include="bg_campaign.c">
      <Filter>Source Files</Filter>
    </ClCompile>
    <ClCompile Include="bg_character.c">
      <Filter>Source Files</Filter>
    </ClCompile>
    <ClCompile Include="bg_classes.c">
      <Filter>Source Files</Filter>
    </ClCompile>
    <ClCompile Include="bg_misc.c">
      <Filter>Source Files</Filter>
    </ClCompile>
    <ClCompile Include="bg_pmove.c">
      <Filter>Source Files</Filter>
    </ClCompile>
    <ClCompile Include="bg_slidemove.c">
      <Filter>Source Files</Filter>
    </ClCompile>
    <ClCompile Include="bg_sscript.c">
      <Filter>Source Files</Filter>
    </ClCompile>
    <ClCompile Include="bg_stats.c">
      <Filter>Source Files</Filter>
    </ClCompile>
    <ClCompile Include="bg_tracemap.c">
      <Filter>Source Files</Filter>
    </ClCompile>
    <ClCompile Include="..\..\Omnibot\Common\BotLoadLibrary.cpp">
      <Filter>Source Files</Filter>
    </ClCompile>
    <ClCompile Include="et-antiwarp.c">
      <Filter>Source Files</Filter>
    </ClCompile>
    <ClCompile Include="etpro_mdx.c">
      <Filter>Source Files</Filter>
    </ClCompile>
    <ClCompile Include="g_active.c">
      <Filter>Source Files</Filter>
    </ClCompile>
    <ClCompile Include="g_alarm.c">
      <Filter>Source Files</Filter>
    </ClCompile>
    <ClCompile Include="g_antilag.c">
      <Filter>Source Files</Filter>
    </ClCompile>
    <ClCompile Include="g_buddy_list.c">
      <Filter>Source Files</Filter>
    </ClCompile>
    <ClCompile Include="g_censor.c">
      <Filter>Source Files</Filter>
    </ClCompile>
    <ClCompile Include="g_character.c">
      <Filter>Source Files</Filter>
    </ClCompile>
    <ClCompile Include="g_client.c">
      <Filter>Source Files</Filter>
    </ClCompile>
    <ClCompile Include="g_cmds.c">
      <Filter>Source Files</Filter>
    </ClCompile>
    <ClCompile Include="g_cmds_ext.c">
      <Filter>Source Files</Filter>
    </ClCompile>
    <ClCompile Include="g_combat.c">
      <Filter>Source Files</Filter>
    </ClCompile>
    <ClCompile Include="g_config.c">
      <Filter>Source Files</Filter>
    </ClCompile>
    <ClCompile Include="g_crash.c">
      <Filter>Source Files</Filter>
    </ClCompile>
    <ClCompile Include="g_etbot_interface.cpp">
      <Filter>Source Files</Filter>
    </ClCompile>
    <ClCompile Include="g_fireteams.c">
      <Filter>Source Files</Filter>
    </ClCompile>
    <ClCompile Include="g_http_client.c">
      <Filter>Source Files</Filter>
    </ClCompile>
    <ClCompile Include="g_items.c">
      <Filter>Source Files</Filter>
    </ClCompile>
    <ClCompile Include="g_main.c">
      <Filter>Source Files</Filter>
    </ClCompile>
    <ClCompile Include="g_match.c">
      <Filter>Source Files</Filter>
    </ClCompile>
    <ClCompile Include="g_matchinfo.c">
      <Filter>Source Files</Filter>
    </ClCompile>
    <ClCompile Include="g_mem.c">
      <Filter>Source Files</Filter>
    </ClCompile>
    <ClCompile Include="g_misc.c">
      <Filter>Source Files</Filter>
    </ClCompile>
    <ClCompile Include="g_missile.c">
      <Filter>Source Files</Filter>
    </ClCompile>
    <ClCompile Include="g_mover.c">
      <Filter>Source Files</Filter>
    </ClCompile>
    <ClCompile Include="g_multiview.c">
      <Filter>Source Files</Filter>
    </ClCompile>
    <ClCompile Include="g_player_rating.c">
      <Filter>Source Files</Filter>
    </ClCompile>
    <ClCompile Include="g_props.c">
      <Filter>Source Files</Filter>
    </ClCompile>
    <ClCompile Include="g_referee.c">
      <Filter>Source Files</Filter>
    </ClCompile>
    <ClCompile Include="g_script.c">
      <Filter>Source Files</Filter>
    </ClCompile>
    <ClCompile Include="g_script_actions.c">
      <Filter>Source Files</Filter>
    </ClCompile>
    <ClCompile Include="g_session.c">
      <Filter>Source Files</Filter>
    </ClCompile>
    <ClCompile Include="g_settings.c">
      <Filter>Source Files</Filter>
    </ClCompile>
    <ClCompile Include="g_sha1.c">
      <Filter>Source Files</Filter>
    </ClCompile>
    <ClCompile Include="g_shoutcaster.c">
      <Filter>Source Files</Filter>
    </ClCompile>
    <ClCompile Include="g_shrubbot.c">
      <Filter>Source Files</Filter>
    </ClCompile>
    <ClCompile Include="g_spawn.c">
      <Filter>Source Files</Filter>
    </ClCompile>
    <ClCompile Include="g_stats.c">
      <Filter>Source Files</Filter>
    </ClCompile>
    <ClCompile Include="g_svcmds.c">
      <Filter>Source Files</Filter>
    </ClCompile>
    <ClCompile Include="g_syscalls.c">
      <Filter>Source Files</Filter>
    </ClCompile>
    <ClCompile Include="g_systemmsg.c">
      <Filter>Source Files</Filter>
    </ClCompile>
    <ClCompile Include="g_target.c">
      <Filter>Source Files</Filter>
    </ClCompile>
    <ClCompile Include="g_team.c">
      <Filter>Source Files</Filter>
    </ClCompile>
    <ClCompile Include="g_teammapdata.c">
      <Filter>Source Files</Filter>
    </ClCompile>
    <ClCompile Include="g_trigger.c">
      <Filter>Source Files</Filter>
    </ClCompile>
    <ClCompile Include="g_utils.c">
      <Filter>Source Files</Filter>
    </ClCompile>
    <ClCompile Include="g_vote.c">
      <Filter>Source Files</Filter>
    </ClCompile>
    <ClCompile Include="g_weapon.c">
      <Filter>Source Files</Filter>
    </ClCompile>
    <ClCompile Include="g_xpsave.c">
      <Filter>Source Files</Filter>
    </ClCompile>
    <ClCompile Include="geoip.c">
      <Filter>Source Files</Filter>
    </ClCompile>
    <ClCompile Include="q_math.c">
      <Filter>Source Files</Filter>
    </ClCompile>
    <ClCompile Include="q_shared.c">
      <Filter>Source Files</Filter>
    </ClCompile>
    <ClCompile Include="g_lua.c">
      <Filter>Source Files</Filter>
    </ClCompile>
    <ClCompile Include="..\sha-1\sha1.c">
      <Filter>SHA-1\Source Files</Filter>
    </ClCompile>
  </ItemGroup>
  <ItemGroup>
    <ClInclude Include="bg_classes.h">
      <Filter>Header Files</Filter>
    </ClInclude>
    <ClInclude Include="bg_local.h">
      <Filter>Header Files</Filter>
    </ClInclude>
    <ClInclude Include="bg_public.h">
      <Filter>Header Files</Filter>
    </ClInclude>
    <ClInclude Include="..\botai\chars.h">
      <Filter>Header Files</Filter>
    </ClInclude>
    <ClInclude Include="etpro_mdx.h">
      <Filter>Header Files</Filter>
    </ClInclude>
    <ClInclude Include="etpro_mdx_lut.h">
      <Filter>Header Files</Filter>
    </ClInclude>
    <ClInclude Include="etpub.h">
      <Filter>Header Files</Filter>
    </ClInclude>
    <ClInclude Include="g_censor.h">
      <Filter>Header Files</Filter>
    </ClInclude>
    <ClInclude Include="g_etbot_interface.h">
      <Filter>Header Files</Filter>
    </ClInclude>
    <ClInclude Include="g_local.h">
      <Filter>Header Files</Filter>
    </ClInclude>
    <ClInclude Include="g_matchinfo.h">
      <Filter>Header Files</Filter>
    </ClInclude>
    <ClInclude Include="g_player_rating.h">
      <Filter>Header Files</Filter>
    </ClInclude>
    <ClInclude Include="g_public.h">
      <Filter>Header Files</Filter>
    </ClInclude>
    <ClInclude Include="g_settings.h">
      <Filter>Header Files</Filter>
    </ClInclude>
    <ClInclude Include="g_shrubbot.h">
      <Filter>Header Files</Filter>
    </ClInclude>
    <ClInclude Include="g_team.h">
      <Filter>Header Files</Filter>
    </ClInclude>
    <ClInclude Include="g_xpsave.h">
      <Filter>Header Files</Filter>
    </ClInclude>
    <ClInclude Include="..\botai\inv.h">
      <Filter>Header Files</Filter>
    </ClInclude>
    <ClInclude Include="..\botai\match.h">
      <Filter>Header Files</Filter>
    </ClInclude>
    <ClInclude Include="q_shared.h">
      <Filter>Header Files</Filter>
    </ClInclude>
    <ClInclude Include="surfaceflags.h">
      <Filter>Header Files</Filter>
    </ClInclude>
    <ClInclude Include="..\botai\syn.h">
      <Filter>Header Files</Filter>
    </ClInclude>
    <ClInclude Include="..\lua-5.1.4\include\lauxlib.h">
      <Filter>Lua 5.1.4\Header Files</Filter>
    </ClInclude>
    <ClInclude Include="..\lua-5.1.4\include\lua.h">
      <Filter>Lua 5.1.4\Header Files</Filter>
    </ClInclude>
    <ClInclude Include="..\lua-5.1.4\include\lua.hpp">
      <Filter>Lua 5.1.4\Header Files</Filter>
    </ClInclude>
    <ClInclude Include="..\lua-5.1.4\include\luaconf.h">
      <Filter>Lua 5.1.4\Header Files</Filter>
    </ClInclude>
    <ClInclude Include="..\lua-5.1.4\include\lualib.h">
      <Filter>Lua 5.1.4\Header Files</Filter>
    </ClInclude>
    <ClInclude Include="g_lua.h">
      <Filter>Header Files</Filter>
    </ClInclude>
    <ClInclude Include="..\sha-1\sha1.h">
      <Filter>SHA-1\Header Files</Filter>
    </ClInclude>
    <ClInclude Include="g_http_client.h">
      <Filter>Header Files</Filter>
    </ClInclude>
  </ItemGroup>
  <ItemGroup>
    <None Include="game.def" />
  </ItemGroup>
</Project>